<?xml version="1.0" encoding="utf-8"?>
<Project ToolsVersion="4.0" xmlns="http://schemas.microsoft.com/developer/msbuild/2003">
  <ItemGroup>
    <Filter Include="Source Files">
      <UniqueIdentifier>{4FC737F1-C7A5-4376-A066-2A32D752A2FF}</UniqueIdentifier>
      <Extensions>cpp;c;cc;cxx;def;odl;idl;hpj;bat;asm;asmx</Extensions>
    </Filter>
    <Filter Include="Header Files">
      <UniqueIdentifier>{93995380-89BD-4b04-88EB-625FBE52EBFB}</UniqueIdentifier>
      <Extensions>h;hh;hpp;hxx;hm;inl;inc;xsd</Extensions>
    </Filter>
    <Filter Include="Resource Files">
      <UniqueIdentifier>{67DA6AB6-F800-4c08-8B7A-83BB121AAD01}</UniqueIdentifier>
      <Extensions>rc;ico;cur;bmp;dlg;rc2;rct;bin;rgs;gif;jpg;jpeg;jpe;resx;tiff;tif;png;wav;mfcribbon-ms</Extensions>
    </Filter>
  </ItemGroup>
  <ItemGroup>
    <ClCompile Include="MyForm.cpp">
      <Filter>Source Files</Filter>
    </ClCompile>
    <ClCompile Include="MyUserContro_Register.cpp">
      <Filter>Source Files</Filter>
    </ClCompile>
    <ClCompile Include="MyForm_Admain.cpp">
      <Filter>Source Files</Filter>
    </ClCompile>
    <ClCompile Include="MyUserControl_Deliveryboy.cpp">
      <Filter>Source Files</Filter>
    </ClCompile>
    <ClCompile Include="MyUserContro_bill.cpp">
      <Filter>Source Files</Filter>
    </ClCompile>
    <ClCompile Include="MyUserControl_Check.cpp">
      <Filter>Source Files</Filter>
    </ClCompile>
    <ClCompile Include="MyForm_Customer.cpp">
      <Filter>Source Files</Filter>
    </ClCompile>
    <ClCompile Include="MyForm1.cpp">
      <Filter>Header Files</Filter>
    </ClCompile>
    <ClCompile Include="MyUserContro_Catagory.cpp">
      <Filter>Source Files</Filter>
    </ClCompile>
    <ClCompile Include="MyForm_payment.cpp">
      <Filter>Header Files</Filter>
    </ClCompile>
    <ClCompile Include="MyForm_checkorder.cpp">
      <Filter>Source Files</Filter>
    </ClCompile>
    <ClCompile Include="MyForm_comment.cpp">
      <Filter>Source Files</Filter>
    </ClCompile>
    <ClCompile Include="category.cpp">
      <Filter>Source Files</Filter>
    </ClCompile>
    <ClCompile Include="Database.cpp">
      <Filter>Source Files</Filter>
    </ClCompile>
    <ClCompile Include="Person.cpp">
      <Filter>Source Files</Filter>
    </ClCompile>
    <ClCompile Include="item.cpp">
      <Filter>Source Files</Filter>
    </ClCompile>
    <ClCompile Include="Customer.cpp">
      <Filter>Source Files</Filter>
    </ClCompile>
    <ClCompile Include="Manger.cpp">
      <Filter>Source Files</Filter>
    </ClCompile>
    <ClCompile Include="Resturant.cpp">
      <Filter>Source Files</Filter>
    </ClCompile>
    <ClCompile Include="Deliveryboy.cpp">
      <Filter>Source Files</Filter>
    </ClCompile>
    <ClCompile Include="Usercart.cpp">
      <Filter>Source Files</Filter>
    </ClCompile>
    <ClCompile Include="Order.cpp">
      <Filter>Source Files</Filter>
    </ClCompile>
    <ClCompile Include="container.cpp">
      <Filter>Source Files</Filter>
    </ClCompile>
    <ClCompile Include="MyForm11.cpp">
      <Filter>Header Files</Filter>
    </ClCompile>
  </ItemGroup>
  <ItemGroup>
    <ClInclude Include="MyForm.h">
      <Filter>Header Files</Filter>
    </ClInclude>
    <ClInclude Include="MyUserContro_Register.h">
      <Filter>Header Files</Filter>
    </ClInclude>
    <ClInclude Include="MyForm_Admain.h">
      <Filter>Header Files</Filter>
    </ClInclude>
    <ClInclude Include="MyUserControl_Deliveryboy.h">
      <Filter>Header Files</Filter>
    </ClInclude>
    <ClInclude Include="MyUserContro_bill.h">
      <Filter>Header Files</Filter>
    </ClInclude>
    <ClInclude Include="MyForm_Customer.h">
      <Filter>Header Files</Filter>
    </ClInclude>
    <ClInclude Include="MyForm_makeOrder.h">
      <Filter>Header Files</Filter>
    </ClInclude>
    <ClInclude Include="MyUserContro_Catagory.h">
      <Filter>Header Files</Filter>
    </ClInclude>
    <ClInclude Include="MyForm_payment.h">
      <Filter>Header Files</Filter>
    </ClInclude>
    <ClInclude Include="MyForm_checkorder.h">
      <Filter>Header Files</Filter>
    </ClInclude>
    <ClInclude Include="MyUserControl_CheckQu.h">
      <Filter>Header Files</Filter>
    </ClInclude>
    <ClInclude Include="category.h">
      <Filter>Header Files</Filter>
    </ClInclude>
    <ClInclude Include="Database.h">
      <Filter>Header Files</Filter>
    </ClInclude>
    <ClInclude Include="Person.h">
      <Filter>Header Files</Filter>
    </ClInclude>
    <ClInclude Include="item.h">
      <Filter>Header Files</Filter>
    </ClInclude>
    <ClInclude Include="Customer.h">
      <Filter>Header Files</Filter>
    </ClInclude>
    <ClInclude Include="Manger.h">
      <Filter>Header Files</Filter>
    </ClInclude>
    <ClInclude Include="Resturant.h">
      <Filter>Header Files</Filter>
    </ClInclude>
    <ClInclude Include="Deliveryboy.h">
      <Filter>Header Files</Filter>
    </ClInclude>
    <ClInclude Include="Usercart.h">
      <Filter>Header Files</Filter>
    </ClInclude>
    <ClInclude Include="Order.h">
      <Filter>Header Files</Filter>
    </ClInclude>
    <ClInclude Include="container.h">
      <Filter>Header Files</Filter>
    </ClInclude>
    <ClInclude Include="MyForm11.h">
      <Filter>Header Files</Filter>
    </ClInclude>
  </ItemGroup>
  <ItemGroup>
    <EmbeddedResource Include="MyForm.resx">
      <Filter>Resource Files</Filter>
    </EmbeddedResource>
    <EmbeddedResource Include="MyForm_Admain.resx">
      <Filter>Resource Files</Filter>
    </EmbeddedResource>
    <EmbeddedResource Include="MyUserControl_Deliveryboy.resx">
      <Filter>Resource Files</Filter>
    </EmbeddedResource>
    <EmbeddedResource Include="MyUserContro_Register.resx">
      <Filter>Resource Files</Filter>
    </EmbeddedResource>
    <EmbeddedResource Include="MyForm_checkorder.resx">
      <Filter>Resource Files</Filter>
    </EmbeddedResource>
    <EmbeddedResource Include="MyForm_makeOrder.resx">
      <Filter>Resource Files</Filter>
    </EmbeddedResource>
    <EmbeddedResource Include="MyForm_Customer.resx">
      <Filter>Resource Files</Filter>
    </EmbeddedResource>
    <EmbeddedResource Include="MyForm_payment.resx">
      <Filter>Resource Files</Filter>
    </EmbeddedResource>
    <EmbeddedResource Include="MyUserControl_CheckQu.resx">
      <Filter>Resource Files</Filter>
    </EmbeddedResource>
    <EmbeddedResource Include="MyUserContro_bill.resx">
      <Filter>Resource Files</Filter>
    </EmbeddedResource>
    <EmbeddedResource Include="MyUserContro_Catagory.resx">
      <Filter>Resource Files</Filter>
    </EmbeddedResource>
    <EmbeddedResource Include="MyForm_comment.resx">
      <Filter>Resource Files</Filter>
    </EmbeddedResource>
    <EmbeddedResource Include="MyForm11.resx">
      <Filter>Resource Files</Filter>
    </EmbeddedResource>
  </ItemGroup>
</Project>